
Microsoft Visual Studio Solution File, Format Version 12.00
# Visual Studio Version 17
VisualStudioVersion = 17.8.34309.116
MinimumVisualStudioVersion = 10.0.40219.1
Project("{FAE04EC0-301F-11D3-BF4B-00C04F79EFBC}") = "examen3", "examen3\examen3.csproj", "{8DA40ABB-928F-4BDC-B6E5-1C2EA70A109D}"
EndProject
Global
	GlobalSection(SolutionConfigurationPlatforms) = preSolution
		Debug|Any CPU = Debug|Any CPU
		Release|Any CPU = Release|Any CPU
	EndGlobalSection
	GlobalSection(ProjectConfigurationPlatforms) = postSolution
		{8DA40ABB-928F-4BDC-B6E5-1C2EA70A109D}.Debug|Any CPU.ActiveCfg = Debug|Any CPU
		{8DA40ABB-928F-4BDC-B6E5-1C2EA70A109D}.Debug|Any CPU.Build.0 = Debug|Any CPU
		{8DA40ABB-928F-4BDC-B6E5-1C2EA70A109D}.Release|Any CPU.ActiveCfg = Release|Any CPU
		{8DA40ABB-928F-4BDC-B6E5-1C2EA70A109D}.Release|Any CPU.Build.0 = Release|Any CPU
	EndGlobalSection
	GlobalSection(SolutionProperties) = preSolution
		HideSolutionNode = FALSE
	EndGlobalSection
	GlobalSection(ExtensibilityGlobals) = postSolution
		SolutionGuid = {6CD59EC9-955D-4137-92F0-2D1CC73D3DBF}
	EndGlobalSection
EndGlobal
